
Microsoft Visual Studio Solution File, Format Version 12.00
# Visual Studio Version 16
VisualStudioVersion = 16.0.31205.134
MinimumVisualStudioVersion = 10.0.40219.1
Project("{8BC9CEB8-8B4A-11D0-8D11-00A0C91BC942}") = "CheckDimension", "CheckDimension\CheckDimension.vcxproj", "{C6987AC7-CDD4-49A6-A65F-F4F9BE20914D}"
EndProject
Project("{8BC9CEB8-8B4A-11D0-8D11-00A0C91BC942}") = "GridBlock", "GridBlock\GridBlock.vcxproj", "{5BC7AD59-DAB9-4AE3-A173-379593593A36}"
EndProject
Project("{8BC9CEB8-8B4A-11D0-8D11-00A0C91BC942}") = "SumArrays", "SumArrays\SumArrays.vcxproj", "{41BF7F63-5C70-4BD8-9529-C5F706A15415}"
EndProject
Project("{8BC9CEB8-8B4A-11D0-8D11-00A0C91BC942}") = "Test", "Test\Test.vcxproj", "{5A63ACFB-6B8D-4BA2-ACA0-C64413399DDB}"
EndProject
Project("{8BC9CEB8-8B4A-11D0-8D11-00A0C91BC942}") = "SumArraysTimer", "SumArraysTimer\SumArraysTimer.vcxproj", "{D60CCEE2-2996-47B3-8CCB-D8057E423146}"
EndProject
Project("{8BC9CEB8-8B4A-11D0-8D11-00A0C91BC942}") = "ThreadIndex", "ThreadIndex\ThreadIndex.vcxproj", "{E242702A-33C5-4A1B-A419-32CE5ECE0FEF}"
EndProject
Global
	GlobalSection(SolutionConfigurationPlatforms) = preSolution
		Debug|x64 = Debug|x64
		Debug|x86 = Debug|x86
		Release|x64 = Release|x64
		Release|x86 = Release|x86
	EndGlobalSection
	GlobalSection(ProjectConfigurationPlatforms) = postSolution
		{C6987AC7-CDD4-49A6-A65F-F4F9BE20914D}.Debug|x64.ActiveCfg = Debug|x64
		{C6987AC7-CDD4-49A6-A65F-F4F9BE20914D}.Debug|x64.Build.0 = Debug|x64
		{C6987AC7-CDD4-49A6-A65F-F4F9BE20914D}.Debug|x86.ActiveCfg = Debug|Win32
		{C6987AC7-CDD4-49A6-A65F-F4F9BE20914D}.Debug|x86.Build.0 = Debug|Win32
		{C6987AC7-CDD4-49A6-A65F-F4F9BE20914D}.Release|x64.ActiveCfg = Release|x64
		{C6987AC7-CDD4-49A6-A65F-F4F9BE20914D}.Release|x64.Build.0 = Release|x64
		{C6987AC7-CDD4-49A6-A65F-F4F9BE20914D}.Release|x86.ActiveCfg = Release|Win32
		{C6987AC7-CDD4-49A6-A65F-F4F9BE20914D}.Release|x86.Build.0 = Release|Win32
		{5BC7AD59-DAB9-4AE3-A173-379593593A36}.Debug|x64.ActiveCfg = Debug|x64
		{5BC7AD59-DAB9-4AE3-A173-379593593A36}.Debug|x64.Build.0 = Debug|x64
		{5BC7AD59-DAB9-4AE3-A173-379593593A36}.Debug|x86.ActiveCfg = Debug|Win32
		{5BC7AD59-DAB9-4AE3-A173-379593593A36}.Debug|x86.Build.0 = Debug|Win32
		{5BC7AD59-DAB9-4AE3-A173-379593593A36}.Release|x64.ActiveCfg = Release|x64
		{5BC7AD59-DAB9-4AE3-A173-379593593A36}.Release|x64.Build.0 = Release|x64
		{5BC7AD59-DAB9-4AE3-A173-379593593A36}.Release|x86.ActiveCfg = Release|Win32
		{5BC7AD59-DAB9-4AE3-A173-379593593A36}.Release|x86.Build.0 = Release|Win32
		{41BF7F63-5C70-4BD8-9529-C5F706A15415}.Debug|x64.ActiveCfg = Debug|x64
		{41BF7F63-5C70-4BD8-9529-C5F706A15415}.Debug|x64.Build.0 = Debug|x64
		{41BF7F63-5C70-4BD8-9529-C5F706A15415}.Debug|x86.ActiveCfg = Debug|Win32
		{41BF7F63-5C70-4BD8-9529-C5F706A15415}.Debug|x86.Build.0 = Debug|Win32
		{41BF7F63-5C70-4BD8-9529-C5F706A15415}.Release|x64.ActiveCfg = Release|x64
		{41BF7F63-5C70-4BD8-9529-C5F706A15415}.Release|x64.Build.0 = Release|x64
		{41BF7F63-5C70-4BD8-9529-C5F706A15415}.Release|x86.ActiveCfg = Release|Win32
		{41BF7F63-5C70-4BD8-9529-C5F706A15415}.Release|x86.Build.0 = Release|Win32
		{5A63ACFB-6B8D-4BA2-ACA0-C64413399DDB}.Debug|x64.ActiveCfg = Debug|x64
		{5A63ACFB-6B8D-4BA2-ACA0-C64413399DDB}.Debug|x64.Build.0 = Debug|x64
		{5A63ACFB-6B8D-4BA2-ACA0-C64413399DDB}.Debug|x86.ActiveCfg = Debug|Win32
		{5A63ACFB-6B8D-4BA2-ACA0-C64413399DDB}.Debug|x86.Build.0 = Debug|Win32
		{5A63ACFB-6B8D-4BA2-ACA0-C64413399DDB}.Release|x64.ActiveCfg = Release|x64
		{5A63ACFB-6B8D-4BA2-ACA0-C64413399DDB}.Release|x64.Build.0 = Release|x64
		{5A63ACFB-6B8D-4BA2-ACA0-C64413399DDB}.Release|x86.ActiveCfg = Release|Win32
		{5A63ACFB-6B8D-4BA2-ACA0-C64413399DDB}.Release|x86.Build.0 = Release|Win32
		{D60CCEE2-2996-47B3-8CCB-D8057E423146}.Debug|x64.ActiveCfg = Debug|x64
		{D60CCEE2-2996-47B3-8CCB-D8057E423146}.Debug|x64.Build.0 = Debug|x64
		{D60CCEE2-2996-47B3-8CCB-D8057E423146}.Debug|x86.ActiveCfg = Debug|Win32
		{D60CCEE2-2996-47B3-8CCB-D8057E423146}.Debug|x86.Build.0 = Debug|Win32
		{D60CCEE2-2996-47B3-8CCB-D8057E423146}.Release|x64.ActiveCfg = Release|x64
		{D60CCEE2-2996-47B3-8CCB-D8057E423146}.Release|x64.Build.0 = Release|x64
		{D60CCEE2-2996-47B3-8CCB-D8057E423146}.Release|x86.ActiveCfg = Release|Win32
		{D60CCEE2-2996-47B3-8CCB-D8057E423146}.Release|x86.Build.0 = Release|Win32
		{E242702A-33C5-4A1B-A419-32CE5ECE0FEF}.Debug|x64.ActiveCfg = Debug|x64
		{E242702A-33C5-4A1B-A419-32CE5ECE0FEF}.Debug|x64.Build.0 = Debug|x64
		{E242702A-33C5-4A1B-A419-32CE5ECE0FEF}.Debug|x86.ActiveCfg = Debug|Win32
		{E242702A-33C5-4A1B-A419-32CE5ECE0FEF}.Debug|x86.Build.0 = Debug|Win32
		{E242702A-33C5-4A1B-A419-32CE5ECE0FEF}.Release|x64.ActiveCfg = Release|x64
		{E242702A-33C5-4A1B-A419-32CE5ECE0FEF}.Release|x64.Build.0 = Release|x64
		{E242702A-33C5-4A1B-A419-32CE5ECE0FEF}.Release|x86.ActiveCfg = Release|Win32
		{E242702A-33C5-4A1B-A419-32CE5ECE0FEF}.Release|x86.Build.0 = Release|Win32
	EndGlobalSection
	GlobalSection(SolutionProperties) = preSolution
		HideSolutionNode = FALSE
	EndGlobalSection
	GlobalSection(ExtensibilityGlobals) = postSolution
		SolutionGuid = {C5CACDD6-2185-4782-B17F-85DC1560F3D6}
	EndGlobalSection
EndGlobal
