
Microsoft Visual Studio Solution File, Format Version 12.00
# Visual Studio Version 16
VisualStudioVersion = 16.0.31205.134
MinimumVisualStudioVersion = 10.0.40219.1
Project("{8BC9CEB8-8B4A-11D0-8D11-00A0C91BC942}") = "CheckDimension", "CheckDimension\CheckDimension.vcxproj", "{C6987AC7-CDD4-49A6-A65F-F4F9BE20914D}"
EndProject
Project("{8BC9CEB8-8B4A-11D0-8D11-00A0C91BC942}") = "GridBlock", "GridBlock\GridBlock.vcxproj", "{5BC7AD59-DAB9-4AE3-A173-379593593A36}"
EndProject
Project("{8BC9CEB8-8B4A-11D0-8D11-00A0C91BC942}") = "SumArrays", "SumArrays\SumArrays.vcxproj", "{41BF7F63-5C70-4BD8-9529-C5F706A15415}"
EndProject
Project("{8BC9CEB8-8B4A-11D0-8D11-00A0C91BC942}") = "Test", "Test\Test.vcxproj", "{5A63ACFB-6B8D-4BA2-ACA0-C64413399DDB}"
EndProject
Project("{8BC9CEB8-8B4A-11D0-8D11-00A0C91BC942}") = "SumArraysTimer", "SumArraysTimer\SumArraysTimer.vcxproj", "{D60CCEE2-2996-47B3-8CCB-D8057E423146}"
EndProject
Project("{8BC9CEB8-8B4A-11D0-8D11-00A0C91BC942}") = "ThreadIndex", "ThreadIndex\ThreadIndex.vcxproj", "{E242702A-33C5-4A1B-A419-32CE5ECE0FEF}"
EndProject
Project("{8BC9CEB8-8B4A-11D0-8D11-00A0C91BC942}") = "SumMatrix", "SumMatrix\SumMatrix.vcxproj", "{1C9AB7C5-D1EB-41A8-A599-3B74D5EE3556}"
EndProject
Project("{8BC9CEB8-8B4A-11D0-8D11-00A0C91BC942}") = "DeviceInfo", "DeviceInfo\DeviceInfo.vcxproj", "{B80DBFB0-B5F2-4F8E-B9A2-282111324A6C}"
EndProject
Project("{8BC9CEB8-8B4A-11D0-8D11-00A0C91BC942}") = "Divergence", "Divergence\Divergence.vcxproj", "{9DFB49DF-A8A3-4C91-8920-8AB58D240A18}"
EndProject
Project("{8BC9CEB8-8B4A-11D0-8D11-00A0C91BC942}") = "SumMat2D", "SumMat2D\SumMat2D.vcxproj", "{3B85CE15-B1F3-4B10-A2FA-0D2C5EA629C0}"
EndProject
Project("{8BC9CEB8-8B4A-11D0-8D11-00A0C91BC942}") = "ReduceInteger", "ReduceInteger\ReduceInteger.vcxproj", "{BA1BDDFA-B0AD-43C5-BF23-845535767D57}"
EndProject
Project("{8BC9CEB8-8B4A-11D0-8D11-00A0C91BC942}") = "SimpleSumMat2D", "SimpleSumMat2D\SimpleSumMat2D.vcxproj", "{0C7E0437-38EC-467D-AA60-FE6632F1AD12}"
EndProject
Project("{8BC9CEB8-8B4A-11D0-8D11-00A0C91BC942}") = "ReduceUnrolling", "ReduceUnrolling\ReduceUnrolling.vcxproj", "{27162E1C-11AD-44E4-ACC8-ED96982D58DD}"
EndProject
Project("{8BC9CEB8-8B4A-11D0-8D11-00A0C91BC942}") = "NestedHelloWorld", "NestedHelloWorld\NestedHelloWorld.vcxproj", "{CDC99AE0-9162-4D56-89CE-F09B00B5EDA9}"
EndProject
Project("{8BC9CEB8-8B4A-11D0-8D11-00A0C91BC942}") = "GlobalVariable", "GlobalVariable\GlobalVariable.vcxproj", "{7442D3AC-4839-4563-A3D6-B4C34A298C4C}"
EndProject
Project("{8BC9CEB8-8B4A-11D0-8D11-00A0C91BC942}") = "PineMemory", "PineMemory\PineMemory.vcxproj", "{C809887C-FC16-40B5-828F-847F54E227A3}"
EndProject
Project("{8BC9CEB8-8B4A-11D0-8D11-00A0C91BC942}") = "ZeroCopyMem", "ZeroCopyMem\ZeroCopyMem.vcxproj", "{A9509DC7-282B-444D-B560-34E58BA4618D}"
EndProject
Project("{8BC9CEB8-8B4A-11D0-8D11-00A0C91BC942}") = "UVA", "UVA\UVA.vcxproj", "{3E4CCE13-D176-4766-BE5A-0035D7423B3C}"
EndProject
Project("{8BC9CEB8-8B4A-11D0-8D11-00A0C91BC942}") = "SumArrOffset", "SumArrOffset\SumArrOffset.vcxproj", "{87AB1BB0-3325-4858-BD08-3E8854D60FAE}"
EndProject
Project("{8BC9CEB8-8B4A-11D0-8D11-00A0C91BC942}") = "AoS", "AoS\AoS.vcxproj", "{B0BA0316-3352-4401-93ED-AD5B26078320}"
EndProject
Project("{8BC9CEB8-8B4A-11D0-8D11-00A0C91BC942}") = "SumArrUniformMemory", "SumArrUniformMemory\SumArrUniformMemory.vcxproj", "{2E8A1DF5-CEE6-493D-B4CF-AFF0EF212A8E}"
EndProject
Project("{8BC9CEB8-8B4A-11D0-8D11-00A0C91BC942}") = "SharedMemReadData", "SharedMemReadData\SharedMemReadData.vcxproj", "{295A0F22-191E-4760-AE2D-120F88D0ED17}"
EndProject
Project("{8BC9CEB8-8B4A-11D0-8D11-00A0C91BC942}") = "SoA", "SoA\SoA.vcxproj", "{EC5F9B9B-E0CE-4F41-9244-F2CFBAAD343A}"
EndProject
Project("{8BC9CEB8-8B4A-11D0-8D11-00A0C91BC942}") = "SumArrOffsetUnrolling", "SumArrOffsetUnrolling\SumArrOffsetUnrolling.vcxproj", "{08841C24-F1E1-460E-A70E-94B677EA14B1}"
EndProject
Project("{8BC9CEB8-8B4A-11D0-8D11-00A0C91BC942}") = "TransformMat2D", "TransformMat2D\TransformMat2D.vcxproj", "{2DD69790-AF75-4471-8FAF-189B6E6A744C}"
EndProject
Project("{8BC9CEB8-8B4A-11D0-8D11-00A0C91BC942}") = "ReduceIntSharedMem", "ReduceIntSharedMem\ReduceIntSharedMem.vcxproj", "{FFE83B1E-1533-446F-B5C3-5CD3E7348763}"
EndProject
Project("{8BC9CEB8-8B4A-11D0-8D11-00A0C91BC942}") = "TransformSharedMem", "TransformSharedMem\TransformSharedMem.vcxproj", "{19A22827-62E4-487C-BA01-F969E0648C00}"
EndProject
Project("{8BC9CEB8-8B4A-11D0-8D11-00A0C91BC942}") = "Stencil1DConstReadOnly", "Stencil1DConstReadOnly\Stencil1DConstReadOnly.vcxproj", "{699B5E23-792E-437A-B038-A478B7DBD2B0}"
EndProject
Project("{8BC9CEB8-8B4A-11D0-8D11-00A0C91BC942}") = "ShflTest", "ShflTest\ShflTest.vcxproj", "{1A8C8BDF-122F-409E-AA1F-0AD1CF41B630}"
EndProject
Project("{8BC9CEB8-8B4A-11D0-8D11-00A0C91BC942}") = "ReduceShfl", "ReduceShfl\ReduceShfl.vcxproj", "{DB712990-897B-4760-98F0-50E9F8E88C89}"
EndProject
Project("{8BC9CEB8-8B4A-11D0-8D11-00A0C91BC942}") = "Stream", "Stream\Stream.vcxproj", "{E38AEF96-2BB0-4C75-82CA-E325E026E494}"
EndProject
Project("{8BC9CEB8-8B4A-11D0-8D11-00A0C91BC942}") = "StreamOmp", "StreamOmp\StreamOmp.vcxproj", "{379AD219-720C-4432-A787-B9BD5BA186B3}"
EndProject
Project("{8BC9CEB8-8B4A-11D0-8D11-00A0C91BC942}") = "StreamResource", "StreamResource\StreamResource.vcxproj", "{E63FEEC5-8FE9-40F0-A1F0-3C0F155233D7}"
EndProject
Project("{8BC9CEB8-8B4A-11D0-8D11-00A0C91BC942}") = "StreamBlock", "StreamBlock\StreamBlock.vcxproj", "{59D5EB56-4EBE-48C3-9CF8-5F0108ECC5CF}"
EndProject
Project("{8BC9CEB8-8B4A-11D0-8D11-00A0C91BC942}") = "StreamDependence", "StreamDependence\StreamDependence.vcxproj", "{05B64D5C-A07F-4246-AE57-1B4834287CB8}"
EndProject
Project("{8BC9CEB8-8B4A-11D0-8D11-00A0C91BC942}") = "MultiAddDepth", "MultiAddDepth\MultiAddDepth.vcxproj", "{8DEA8B3B-F8ED-4E71-B82C-B8FDE47A3D99}"
EndProject
Global
	GlobalSection(SolutionConfigurationPlatforms) = preSolution
		Debug|x64 = Debug|x64
		Debug|x86 = Debug|x86
		Release|x64 = Release|x64
		Release|x86 = Release|x86
	EndGlobalSection
	GlobalSection(ProjectConfigurationPlatforms) = postSolution
		{C6987AC7-CDD4-49A6-A65F-F4F9BE20914D}.Debug|x64.ActiveCfg = Debug|x64
		{C6987AC7-CDD4-49A6-A65F-F4F9BE20914D}.Debug|x64.Build.0 = Debug|x64
		{C6987AC7-CDD4-49A6-A65F-F4F9BE20914D}.Debug|x86.ActiveCfg = Debug|Win32
		{C6987AC7-CDD4-49A6-A65F-F4F9BE20914D}.Debug|x86.Build.0 = Debug|Win32
		{C6987AC7-CDD4-49A6-A65F-F4F9BE20914D}.Release|x64.ActiveCfg = Release|x64
		{C6987AC7-CDD4-49A6-A65F-F4F9BE20914D}.Release|x64.Build.0 = Release|x64
		{C6987AC7-CDD4-49A6-A65F-F4F9BE20914D}.Release|x86.ActiveCfg = Release|Win32
		{C6987AC7-CDD4-49A6-A65F-F4F9BE20914D}.Release|x86.Build.0 = Release|Win32
		{5BC7AD59-DAB9-4AE3-A173-379593593A36}.Debug|x64.ActiveCfg = Debug|x64
		{5BC7AD59-DAB9-4AE3-A173-379593593A36}.Debug|x64.Build.0 = Debug|x64
		{5BC7AD59-DAB9-4AE3-A173-379593593A36}.Debug|x86.ActiveCfg = Debug|Win32
		{5BC7AD59-DAB9-4AE3-A173-379593593A36}.Debug|x86.Build.0 = Debug|Win32
		{5BC7AD59-DAB9-4AE3-A173-379593593A36}.Release|x64.ActiveCfg = Release|x64
		{5BC7AD59-DAB9-4AE3-A173-379593593A36}.Release|x64.Build.0 = Release|x64
		{5BC7AD59-DAB9-4AE3-A173-379593593A36}.Release|x86.ActiveCfg = Release|Win32
		{5BC7AD59-DAB9-4AE3-A173-379593593A36}.Release|x86.Build.0 = Release|Win32
		{41BF7F63-5C70-4BD8-9529-C5F706A15415}.Debug|x64.ActiveCfg = Debug|x64
		{41BF7F63-5C70-4BD8-9529-C5F706A15415}.Debug|x64.Build.0 = Debug|x64
		{41BF7F63-5C70-4BD8-9529-C5F706A15415}.Debug|x86.ActiveCfg = Debug|Win32
		{41BF7F63-5C70-4BD8-9529-C5F706A15415}.Debug|x86.Build.0 = Debug|Win32
		{41BF7F63-5C70-4BD8-9529-C5F706A15415}.Release|x64.ActiveCfg = Release|x64
		{41BF7F63-5C70-4BD8-9529-C5F706A15415}.Release|x64.Build.0 = Release|x64
		{41BF7F63-5C70-4BD8-9529-C5F706A15415}.Release|x86.ActiveCfg = Release|Win32
		{41BF7F63-5C70-4BD8-9529-C5F706A15415}.Release|x86.Build.0 = Release|Win32
		{5A63ACFB-6B8D-4BA2-ACA0-C64413399DDB}.Debug|x64.ActiveCfg = Debug|x64
		{5A63ACFB-6B8D-4BA2-ACA0-C64413399DDB}.Debug|x64.Build.0 = Debug|x64
		{5A63ACFB-6B8D-4BA2-ACA0-C64413399DDB}.Debug|x86.ActiveCfg = Debug|Win32
		{5A63ACFB-6B8D-4BA2-ACA0-C64413399DDB}.Debug|x86.Build.0 = Debug|Win32
		{5A63ACFB-6B8D-4BA2-ACA0-C64413399DDB}.Release|x64.ActiveCfg = Release|x64
		{5A63ACFB-6B8D-4BA2-ACA0-C64413399DDB}.Release|x64.Build.0 = Release|x64
		{5A63ACFB-6B8D-4BA2-ACA0-C64413399DDB}.Release|x86.ActiveCfg = Release|Win32
		{5A63ACFB-6B8D-4BA2-ACA0-C64413399DDB}.Release|x86.Build.0 = Release|Win32
		{D60CCEE2-2996-47B3-8CCB-D8057E423146}.Debug|x64.ActiveCfg = Debug|x64
		{D60CCEE2-2996-47B3-8CCB-D8057E423146}.Debug|x64.Build.0 = Debug|x64
		{D60CCEE2-2996-47B3-8CCB-D8057E423146}.Debug|x86.ActiveCfg = Debug|Win32
		{D60CCEE2-2996-47B3-8CCB-D8057E423146}.Debug|x86.Build.0 = Debug|Win32
		{D60CCEE2-2996-47B3-8CCB-D8057E423146}.Release|x64.ActiveCfg = Release|x64
		{D60CCEE2-2996-47B3-8CCB-D8057E423146}.Release|x64.Build.0 = Release|x64
		{D60CCEE2-2996-47B3-8CCB-D8057E423146}.Release|x86.ActiveCfg = Release|Win32
		{D60CCEE2-2996-47B3-8CCB-D8057E423146}.Release|x86.Build.0 = Release|Win32
		{E242702A-33C5-4A1B-A419-32CE5ECE0FEF}.Debug|x64.ActiveCfg = Debug|x64
		{E242702A-33C5-4A1B-A419-32CE5ECE0FEF}.Debug|x64.Build.0 = Debug|x64
		{E242702A-33C5-4A1B-A419-32CE5ECE0FEF}.Debug|x86.ActiveCfg = Debug|Win32
		{E242702A-33C5-4A1B-A419-32CE5ECE0FEF}.Debug|x86.Build.0 = Debug|Win32
		{E242702A-33C5-4A1B-A419-32CE5ECE0FEF}.Release|x64.ActiveCfg = Release|x64
		{E242702A-33C5-4A1B-A419-32CE5ECE0FEF}.Release|x64.Build.0 = Release|x64
		{E242702A-33C5-4A1B-A419-32CE5ECE0FEF}.Release|x86.ActiveCfg = Release|Win32
		{E242702A-33C5-4A1B-A419-32CE5ECE0FEF}.Release|x86.Build.0 = Release|Win32
		{1C9AB7C5-D1EB-41A8-A599-3B74D5EE3556}.Debug|x64.ActiveCfg = Debug|x64
		{1C9AB7C5-D1EB-41A8-A599-3B74D5EE3556}.Debug|x64.Build.0 = Debug|x64
		{1C9AB7C5-D1EB-41A8-A599-3B74D5EE3556}.Debug|x86.ActiveCfg = Debug|Win32
		{1C9AB7C5-D1EB-41A8-A599-3B74D5EE3556}.Debug|x86.Build.0 = Debug|Win32
		{1C9AB7C5-D1EB-41A8-A599-3B74D5EE3556}.Release|x64.ActiveCfg = Release|x64
		{1C9AB7C5-D1EB-41A8-A599-3B74D5EE3556}.Release|x64.Build.0 = Release|x64
		{1C9AB7C5-D1EB-41A8-A599-3B74D5EE3556}.Release|x86.ActiveCfg = Release|Win32
		{1C9AB7C5-D1EB-41A8-A599-3B74D5EE3556}.Release|x86.Build.0 = Release|Win32
		{B80DBFB0-B5F2-4F8E-B9A2-282111324A6C}.Debug|x64.ActiveCfg = Debug|x64
		{B80DBFB0-B5F2-4F8E-B9A2-282111324A6C}.Debug|x64.Build.0 = Debug|x64
		{B80DBFB0-B5F2-4F8E-B9A2-282111324A6C}.Debug|x86.ActiveCfg = Debug|Win32
		{B80DBFB0-B5F2-4F8E-B9A2-282111324A6C}.Debug|x86.Build.0 = Debug|Win32
		{B80DBFB0-B5F2-4F8E-B9A2-282111324A6C}.Release|x64.ActiveCfg = Release|x64
		{B80DBFB0-B5F2-4F8E-B9A2-282111324A6C}.Release|x64.Build.0 = Release|x64
		{B80DBFB0-B5F2-4F8E-B9A2-282111324A6C}.Release|x86.ActiveCfg = Release|Win32
		{B80DBFB0-B5F2-4F8E-B9A2-282111324A6C}.Release|x86.Build.0 = Release|Win32
		{9DFB49DF-A8A3-4C91-8920-8AB58D240A18}.Debug|x64.ActiveCfg = Debug|x64
		{9DFB49DF-A8A3-4C91-8920-8AB58D240A18}.Debug|x64.Build.0 = Debug|x64
		{9DFB49DF-A8A3-4C91-8920-8AB58D240A18}.Debug|x86.ActiveCfg = Debug|Win32
		{9DFB49DF-A8A3-4C91-8920-8AB58D240A18}.Debug|x86.Build.0 = Debug|Win32
		{9DFB49DF-A8A3-4C91-8920-8AB58D240A18}.Release|x64.ActiveCfg = Release|x64
		{9DFB49DF-A8A3-4C91-8920-8AB58D240A18}.Release|x64.Build.0 = Release|x64
		{9DFB49DF-A8A3-4C91-8920-8AB58D240A18}.Release|x86.ActiveCfg = Release|Win32
		{9DFB49DF-A8A3-4C91-8920-8AB58D240A18}.Release|x86.Build.0 = Release|Win32
		{3B85CE15-B1F3-4B10-A2FA-0D2C5EA629C0}.Debug|x64.ActiveCfg = Debug|x64
		{3B85CE15-B1F3-4B10-A2FA-0D2C5EA629C0}.Debug|x64.Build.0 = Debug|x64
		{3B85CE15-B1F3-4B10-A2FA-0D2C5EA629C0}.Debug|x86.ActiveCfg = Debug|Win32
		{3B85CE15-B1F3-4B10-A2FA-0D2C5EA629C0}.Debug|x86.Build.0 = Debug|Win32
		{3B85CE15-B1F3-4B10-A2FA-0D2C5EA629C0}.Release|x64.ActiveCfg = Release|x64
		{3B85CE15-B1F3-4B10-A2FA-0D2C5EA629C0}.Release|x64.Build.0 = Release|x64
		{3B85CE15-B1F3-4B10-A2FA-0D2C5EA629C0}.Release|x86.ActiveCfg = Release|Win32
		{3B85CE15-B1F3-4B10-A2FA-0D2C5EA629C0}.Release|x86.Build.0 = Release|Win32
		{BA1BDDFA-B0AD-43C5-BF23-845535767D57}.Debug|x64.ActiveCfg = Debug|x64
		{BA1BDDFA-B0AD-43C5-BF23-845535767D57}.Debug|x64.Build.0 = Debug|x64
		{BA1BDDFA-B0AD-43C5-BF23-845535767D57}.Debug|x86.ActiveCfg = Debug|Win32
		{BA1BDDFA-B0AD-43C5-BF23-845535767D57}.Debug|x86.Build.0 = Debug|Win32
		{BA1BDDFA-B0AD-43C5-BF23-845535767D57}.Release|x64.ActiveCfg = Release|x64
		{BA1BDDFA-B0AD-43C5-BF23-845535767D57}.Release|x64.Build.0 = Release|x64
		{BA1BDDFA-B0AD-43C5-BF23-845535767D57}.Release|x86.ActiveCfg = Release|Win32
		{BA1BDDFA-B0AD-43C5-BF23-845535767D57}.Release|x86.Build.0 = Release|Win32
		{0C7E0437-38EC-467D-AA60-FE6632F1AD12}.Debug|x64.ActiveCfg = Debug|x64
		{0C7E0437-38EC-467D-AA60-FE6632F1AD12}.Debug|x64.Build.0 = Debug|x64
		{0C7E0437-38EC-467D-AA60-FE6632F1AD12}.Debug|x86.ActiveCfg = Debug|Win32
		{0C7E0437-38EC-467D-AA60-FE6632F1AD12}.Debug|x86.Build.0 = Debug|Win32
		{0C7E0437-38EC-467D-AA60-FE6632F1AD12}.Release|x64.ActiveCfg = Release|x64
		{0C7E0437-38EC-467D-AA60-FE6632F1AD12}.Release|x64.Build.0 = Release|x64
		{0C7E0437-38EC-467D-AA60-FE6632F1AD12}.Release|x86.ActiveCfg = Release|Win32
		{0C7E0437-38EC-467D-AA60-FE6632F1AD12}.Release|x86.Build.0 = Release|Win32
		{27162E1C-11AD-44E4-ACC8-ED96982D58DD}.Debug|x64.ActiveCfg = Debug|x64
		{27162E1C-11AD-44E4-ACC8-ED96982D58DD}.Debug|x64.Build.0 = Debug|x64
		{27162E1C-11AD-44E4-ACC8-ED96982D58DD}.Debug|x86.ActiveCfg = Debug|Win32
		{27162E1C-11AD-44E4-ACC8-ED96982D58DD}.Debug|x86.Build.0 = Debug|Win32
		{27162E1C-11AD-44E4-ACC8-ED96982D58DD}.Release|x64.ActiveCfg = Release|x64
		{27162E1C-11AD-44E4-ACC8-ED96982D58DD}.Release|x64.Build.0 = Release|x64
		{27162E1C-11AD-44E4-ACC8-ED96982D58DD}.Release|x86.ActiveCfg = Release|Win32
		{27162E1C-11AD-44E4-ACC8-ED96982D58DD}.Release|x86.Build.0 = Release|Win32
		{CDC99AE0-9162-4D56-89CE-F09B00B5EDA9}.Debug|x64.ActiveCfg = Debug|x64
		{CDC99AE0-9162-4D56-89CE-F09B00B5EDA9}.Debug|x64.Build.0 = Debug|x64
		{CDC99AE0-9162-4D56-89CE-F09B00B5EDA9}.Debug|x86.ActiveCfg = Debug|Win32
		{CDC99AE0-9162-4D56-89CE-F09B00B5EDA9}.Debug|x86.Build.0 = Debug|Win32
		{CDC99AE0-9162-4D56-89CE-F09B00B5EDA9}.Release|x64.ActiveCfg = Release|x64
		{CDC99AE0-9162-4D56-89CE-F09B00B5EDA9}.Release|x64.Build.0 = Release|x64
		{CDC99AE0-9162-4D56-89CE-F09B00B5EDA9}.Release|x86.ActiveCfg = Release|Win32
		{CDC99AE0-9162-4D56-89CE-F09B00B5EDA9}.Release|x86.Build.0 = Release|Win32
		{7442D3AC-4839-4563-A3D6-B4C34A298C4C}.Debug|x64.ActiveCfg = Debug|x64
		{7442D3AC-4839-4563-A3D6-B4C34A298C4C}.Debug|x64.Build.0 = Debug|x64
		{7442D3AC-4839-4563-A3D6-B4C34A298C4C}.Debug|x86.ActiveCfg = Debug|Win32
		{7442D3AC-4839-4563-A3D6-B4C34A298C4C}.Debug|x86.Build.0 = Debug|Win32
		{7442D3AC-4839-4563-A3D6-B4C34A298C4C}.Release|x64.ActiveCfg = Release|x64
		{7442D3AC-4839-4563-A3D6-B4C34A298C4C}.Release|x64.Build.0 = Release|x64
		{7442D3AC-4839-4563-A3D6-B4C34A298C4C}.Release|x86.ActiveCfg = Release|Win32
		{7442D3AC-4839-4563-A3D6-B4C34A298C4C}.Release|x86.Build.0 = Release|Win32
		{C809887C-FC16-40B5-828F-847F54E227A3}.Debug|x64.ActiveCfg = Debug|x64
		{C809887C-FC16-40B5-828F-847F54E227A3}.Debug|x64.Build.0 = Debug|x64
		{C809887C-FC16-40B5-828F-847F54E227A3}.Debug|x86.ActiveCfg = Debug|Win32
		{C809887C-FC16-40B5-828F-847F54E227A3}.Debug|x86.Build.0 = Debug|Win32
		{C809887C-FC16-40B5-828F-847F54E227A3}.Release|x64.ActiveCfg = Release|x64
		{C809887C-FC16-40B5-828F-847F54E227A3}.Release|x64.Build.0 = Release|x64
		{C809887C-FC16-40B5-828F-847F54E227A3}.Release|x86.ActiveCfg = Release|Win32
		{C809887C-FC16-40B5-828F-847F54E227A3}.Release|x86.Build.0 = Release|Win32
		{A9509DC7-282B-444D-B560-34E58BA4618D}.Debug|x64.ActiveCfg = Debug|x64
		{A9509DC7-282B-444D-B560-34E58BA4618D}.Debug|x64.Build.0 = Debug|x64
		{A9509DC7-282B-444D-B560-34E58BA4618D}.Debug|x86.ActiveCfg = Debug|Win32
		{A9509DC7-282B-444D-B560-34E58BA4618D}.Debug|x86.Build.0 = Debug|Win32
		{A9509DC7-282B-444D-B560-34E58BA4618D}.Release|x64.ActiveCfg = Release|x64
		{A9509DC7-282B-444D-B560-34E58BA4618D}.Release|x64.Build.0 = Release|x64
		{A9509DC7-282B-444D-B560-34E58BA4618D}.Release|x86.ActiveCfg = Release|Win32
		{A9509DC7-282B-444D-B560-34E58BA4618D}.Release|x86.Build.0 = Release|Win32
		{3E4CCE13-D176-4766-BE5A-0035D7423B3C}.Debug|x64.ActiveCfg = Debug|x64
		{3E4CCE13-D176-4766-BE5A-0035D7423B3C}.Debug|x64.Build.0 = Debug|x64
		{3E4CCE13-D176-4766-BE5A-0035D7423B3C}.Debug|x86.ActiveCfg = Debug|Win32
		{3E4CCE13-D176-4766-BE5A-0035D7423B3C}.Debug|x86.Build.0 = Debug|Win32
		{3E4CCE13-D176-4766-BE5A-0035D7423B3C}.Release|x64.ActiveCfg = Release|x64
		{3E4CCE13-D176-4766-BE5A-0035D7423B3C}.Release|x64.Build.0 = Release|x64
		{3E4CCE13-D176-4766-BE5A-0035D7423B3C}.Release|x86.ActiveCfg = Release|Win32
		{3E4CCE13-D176-4766-BE5A-0035D7423B3C}.Release|x86.Build.0 = Release|Win32
		{87AB1BB0-3325-4858-BD08-3E8854D60FAE}.Debug|x64.ActiveCfg = Debug|x64
		{87AB1BB0-3325-4858-BD08-3E8854D60FAE}.Debug|x64.Build.0 = Debug|x64
		{87AB1BB0-3325-4858-BD08-3E8854D60FAE}.Debug|x86.ActiveCfg = Debug|Win32
		{87AB1BB0-3325-4858-BD08-3E8854D60FAE}.Debug|x86.Build.0 = Debug|Win32
		{87AB1BB0-3325-4858-BD08-3E8854D60FAE}.Release|x64.ActiveCfg = Release|x64
		{87AB1BB0-3325-4858-BD08-3E8854D60FAE}.Release|x64.Build.0 = Release|x64
		{87AB1BB0-3325-4858-BD08-3E8854D60FAE}.Release|x86.ActiveCfg = Release|Win32
		{87AB1BB0-3325-4858-BD08-3E8854D60FAE}.Release|x86.Build.0 = Release|Win32
		{B0BA0316-3352-4401-93ED-AD5B26078320}.Debug|x64.ActiveCfg = Debug|x64
		{B0BA0316-3352-4401-93ED-AD5B26078320}.Debug|x64.Build.0 = Debug|x64
		{B0BA0316-3352-4401-93ED-AD5B26078320}.Debug|x86.ActiveCfg = Debug|Win32
		{B0BA0316-3352-4401-93ED-AD5B26078320}.Debug|x86.Build.0 = Debug|Win32
		{B0BA0316-3352-4401-93ED-AD5B26078320}.Release|x64.ActiveCfg = Release|x64
		{B0BA0316-3352-4401-93ED-AD5B26078320}.Release|x64.Build.0 = Release|x64
		{B0BA0316-3352-4401-93ED-AD5B26078320}.Release|x86.ActiveCfg = Release|Win32
		{B0BA0316-3352-4401-93ED-AD5B26078320}.Release|x86.Build.0 = Release|Win32
		{2E8A1DF5-CEE6-493D-B4CF-AFF0EF212A8E}.Debug|x64.ActiveCfg = Debug|x64
		{2E8A1DF5-CEE6-493D-B4CF-AFF0EF212A8E}.Debug|x64.Build.0 = Debug|x64
		{2E8A1DF5-CEE6-493D-B4CF-AFF0EF212A8E}.Debug|x86.ActiveCfg = Debug|Win32
		{2E8A1DF5-CEE6-493D-B4CF-AFF0EF212A8E}.Debug|x86.Build.0 = Debug|Win32
		{2E8A1DF5-CEE6-493D-B4CF-AFF0EF212A8E}.Release|x64.ActiveCfg = Release|x64
		{2E8A1DF5-CEE6-493D-B4CF-AFF0EF212A8E}.Release|x64.Build.0 = Release|x64
		{2E8A1DF5-CEE6-493D-B4CF-AFF0EF212A8E}.Release|x86.ActiveCfg = Release|Win32
		{2E8A1DF5-CEE6-493D-B4CF-AFF0EF212A8E}.Release|x86.Build.0 = Release|Win32
		{295A0F22-191E-4760-AE2D-120F88D0ED17}.Debug|x64.ActiveCfg = Debug|x64
		{295A0F22-191E-4760-AE2D-120F88D0ED17}.Debug|x64.Build.0 = Debug|x64
		{295A0F22-191E-4760-AE2D-120F88D0ED17}.Debug|x86.ActiveCfg = Debug|Win32
		{295A0F22-191E-4760-AE2D-120F88D0ED17}.Debug|x86.Build.0 = Debug|Win32
		{295A0F22-191E-4760-AE2D-120F88D0ED17}.Release|x64.ActiveCfg = Release|x64
		{295A0F22-191E-4760-AE2D-120F88D0ED17}.Release|x64.Build.0 = Release|x64
		{295A0F22-191E-4760-AE2D-120F88D0ED17}.Release|x86.ActiveCfg = Release|Win32
		{295A0F22-191E-4760-AE2D-120F88D0ED17}.Release|x86.Build.0 = Release|Win32
		{EC5F9B9B-E0CE-4F41-9244-F2CFBAAD343A}.Debug|x64.ActiveCfg = Debug|x64
		{EC5F9B9B-E0CE-4F41-9244-F2CFBAAD343A}.Debug|x64.Build.0 = Debug|x64
		{EC5F9B9B-E0CE-4F41-9244-F2CFBAAD343A}.Debug|x86.ActiveCfg = Debug|Win32
		{EC5F9B9B-E0CE-4F41-9244-F2CFBAAD343A}.Debug|x86.Build.0 = Debug|Win32
		{EC5F9B9B-E0CE-4F41-9244-F2CFBAAD343A}.Release|x64.ActiveCfg = Release|x64
		{EC5F9B9B-E0CE-4F41-9244-F2CFBAAD343A}.Release|x64.Build.0 = Release|x64
		{EC5F9B9B-E0CE-4F41-9244-F2CFBAAD343A}.Release|x86.ActiveCfg = Release|Win32
		{EC5F9B9B-E0CE-4F41-9244-F2CFBAAD343A}.Release|x86.Build.0 = Release|Win32
		{08841C24-F1E1-460E-A70E-94B677EA14B1}.Debug|x64.ActiveCfg = Debug|x64
		{08841C24-F1E1-460E-A70E-94B677EA14B1}.Debug|x64.Build.0 = Debug|x64
		{08841C24-F1E1-460E-A70E-94B677EA14B1}.Debug|x86.ActiveCfg = Debug|Win32
		{08841C24-F1E1-460E-A70E-94B677EA14B1}.Debug|x86.Build.0 = Debug|Win32
		{08841C24-F1E1-460E-A70E-94B677EA14B1}.Release|x64.ActiveCfg = Release|x64
		{08841C24-F1E1-460E-A70E-94B677EA14B1}.Release|x64.Build.0 = Release|x64
		{08841C24-F1E1-460E-A70E-94B677EA14B1}.Release|x86.ActiveCfg = Release|Win32
		{08841C24-F1E1-460E-A70E-94B677EA14B1}.Release|x86.Build.0 = Release|Win32
		{2DD69790-AF75-4471-8FAF-189B6E6A744C}.Debug|x64.ActiveCfg = Debug|x64
		{2DD69790-AF75-4471-8FAF-189B6E6A744C}.Debug|x64.Build.0 = Debug|x64
		{2DD69790-AF75-4471-8FAF-189B6E6A744C}.Debug|x86.ActiveCfg = Debug|Win32
		{2DD69790-AF75-4471-8FAF-189B6E6A744C}.Debug|x86.Build.0 = Debug|Win32
		{2DD69790-AF75-4471-8FAF-189B6E6A744C}.Release|x64.ActiveCfg = Release|x64
		{2DD69790-AF75-4471-8FAF-189B6E6A744C}.Release|x64.Build.0 = Release|x64
		{2DD69790-AF75-4471-8FAF-189B6E6A744C}.Release|x86.ActiveCfg = Release|Win32
		{2DD69790-AF75-4471-8FAF-189B6E6A744C}.Release|x86.Build.0 = Release|Win32
		{FFE83B1E-1533-446F-B5C3-5CD3E7348763}.Debug|x64.ActiveCfg = Debug|x64
		{FFE83B1E-1533-446F-B5C3-5CD3E7348763}.Debug|x64.Build.0 = Debug|x64
		{FFE83B1E-1533-446F-B5C3-5CD3E7348763}.Debug|x86.ActiveCfg = Debug|Win32
		{FFE83B1E-1533-446F-B5C3-5CD3E7348763}.Debug|x86.Build.0 = Debug|Win32
		{FFE83B1E-1533-446F-B5C3-5CD3E7348763}.Release|x64.ActiveCfg = Release|x64
		{FFE83B1E-1533-446F-B5C3-5CD3E7348763}.Release|x64.Build.0 = Release|x64
		{FFE83B1E-1533-446F-B5C3-5CD3E7348763}.Release|x86.ActiveCfg = Release|Win32
		{FFE83B1E-1533-446F-B5C3-5CD3E7348763}.Release|x86.Build.0 = Release|Win32
		{19A22827-62E4-487C-BA01-F969E0648C00}.Debug|x64.ActiveCfg = Debug|x64
		{19A22827-62E4-487C-BA01-F969E0648C00}.Debug|x64.Build.0 = Debug|x64
		{19A22827-62E4-487C-BA01-F969E0648C00}.Debug|x86.ActiveCfg = Debug|Win32
		{19A22827-62E4-487C-BA01-F969E0648C00}.Debug|x86.Build.0 = Debug|Win32
		{19A22827-62E4-487C-BA01-F969E0648C00}.Release|x64.ActiveCfg = Release|x64
		{19A22827-62E4-487C-BA01-F969E0648C00}.Release|x64.Build.0 = Release|x64
		{19A22827-62E4-487C-BA01-F969E0648C00}.Release|x86.ActiveCfg = Release|Win32
		{19A22827-62E4-487C-BA01-F969E0648C00}.Release|x86.Build.0 = Release|Win32
		{699B5E23-792E-437A-B038-A478B7DBD2B0}.Debug|x64.ActiveCfg = Debug|x64
		{699B5E23-792E-437A-B038-A478B7DBD2B0}.Debug|x64.Build.0 = Debug|x64
		{699B5E23-792E-437A-B038-A478B7DBD2B0}.Debug|x86.ActiveCfg = Debug|Win32
		{699B5E23-792E-437A-B038-A478B7DBD2B0}.Debug|x86.Build.0 = Debug|Win32
		{699B5E23-792E-437A-B038-A478B7DBD2B0}.Release|x64.ActiveCfg = Release|x64
		{699B5E23-792E-437A-B038-A478B7DBD2B0}.Release|x64.Build.0 = Release|x64
		{699B5E23-792E-437A-B038-A478B7DBD2B0}.Release|x86.ActiveCfg = Release|Win32
		{699B5E23-792E-437A-B038-A478B7DBD2B0}.Release|x86.Build.0 = Release|Win32
		{1A8C8BDF-122F-409E-AA1F-0AD1CF41B630}.Debug|x64.ActiveCfg = Debug|x64
		{1A8C8BDF-122F-409E-AA1F-0AD1CF41B630}.Debug|x64.Build.0 = Debug|x64
		{1A8C8BDF-122F-409E-AA1F-0AD1CF41B630}.Debug|x86.ActiveCfg = Debug|Win32
		{1A8C8BDF-122F-409E-AA1F-0AD1CF41B630}.Debug|x86.Build.0 = Debug|Win32
		{1A8C8BDF-122F-409E-AA1F-0AD1CF41B630}.Release|x64.ActiveCfg = Release|x64
		{1A8C8BDF-122F-409E-AA1F-0AD1CF41B630}.Release|x64.Build.0 = Release|x64
		{1A8C8BDF-122F-409E-AA1F-0AD1CF41B630}.Release|x86.ActiveCfg = Release|Win32
		{1A8C8BDF-122F-409E-AA1F-0AD1CF41B630}.Release|x86.Build.0 = Release|Win32
		{DB712990-897B-4760-98F0-50E9F8E88C89}.Debug|x64.ActiveCfg = Debug|x64
		{DB712990-897B-4760-98F0-50E9F8E88C89}.Debug|x64.Build.0 = Debug|x64
		{DB712990-897B-4760-98F0-50E9F8E88C89}.Debug|x86.ActiveCfg = Debug|Win32
		{DB712990-897B-4760-98F0-50E9F8E88C89}.Debug|x86.Build.0 = Debug|Win32
		{DB712990-897B-4760-98F0-50E9F8E88C89}.Release|x64.ActiveCfg = Release|x64
		{DB712990-897B-4760-98F0-50E9F8E88C89}.Release|x64.Build.0 = Release|x64
		{DB712990-897B-4760-98F0-50E9F8E88C89}.Release|x86.ActiveCfg = Release|Win32
		{DB712990-897B-4760-98F0-50E9F8E88C89}.Release|x86.Build.0 = Release|Win32
		{E38AEF96-2BB0-4C75-82CA-E325E026E494}.Debug|x64.ActiveCfg = Debug|x64
		{E38AEF96-2BB0-4C75-82CA-E325E026E494}.Debug|x64.Build.0 = Debug|x64
		{E38AEF96-2BB0-4C75-82CA-E325E026E494}.Debug|x86.ActiveCfg = Debug|Win32
		{E38AEF96-2BB0-4C75-82CA-E325E026E494}.Debug|x86.Build.0 = Debug|Win32
		{E38AEF96-2BB0-4C75-82CA-E325E026E494}.Release|x64.ActiveCfg = Release|x64
		{E38AEF96-2BB0-4C75-82CA-E325E026E494}.Release|x64.Build.0 = Release|x64
		{E38AEF96-2BB0-4C75-82CA-E325E026E494}.Release|x86.ActiveCfg = Release|Win32
		{E38AEF96-2BB0-4C75-82CA-E325E026E494}.Release|x86.Build.0 = Release|Win32
		{379AD219-720C-4432-A787-B9BD5BA186B3}.Debug|x64.ActiveCfg = Debug|x64
		{379AD219-720C-4432-A787-B9BD5BA186B3}.Debug|x64.Build.0 = Debug|x64
		{379AD219-720C-4432-A787-B9BD5BA186B3}.Debug|x86.ActiveCfg = Debug|Win32
		{379AD219-720C-4432-A787-B9BD5BA186B3}.Debug|x86.Build.0 = Debug|Win32
		{379AD219-720C-4432-A787-B9BD5BA186B3}.Release|x64.ActiveCfg = Release|x64
		{379AD219-720C-4432-A787-B9BD5BA186B3}.Release|x64.Build.0 = Release|x64
		{379AD219-720C-4432-A787-B9BD5BA186B3}.Release|x86.ActiveCfg = Release|Win32
		{379AD219-720C-4432-A787-B9BD5BA186B3}.Release|x86.Build.0 = Release|Win32
		{E63FEEC5-8FE9-40F0-A1F0-3C0F155233D7}.Debug|x64.ActiveCfg = Debug|x64
		{E63FEEC5-8FE9-40F0-A1F0-3C0F155233D7}.Debug|x64.Build.0 = Debug|x64
		{E63FEEC5-8FE9-40F0-A1F0-3C0F155233D7}.Debug|x86.ActiveCfg = Debug|Win32
		{E63FEEC5-8FE9-40F0-A1F0-3C0F155233D7}.Debug|x86.Build.0 = Debug|Win32
		{E63FEEC5-8FE9-40F0-A1F0-3C0F155233D7}.Release|x64.ActiveCfg = Release|x64
		{E63FEEC5-8FE9-40F0-A1F0-3C0F155233D7}.Release|x64.Build.0 = Release|x64
		{E63FEEC5-8FE9-40F0-A1F0-3C0F155233D7}.Release|x86.ActiveCfg = Release|Win32
		{E63FEEC5-8FE9-40F0-A1F0-3C0F155233D7}.Release|x86.Build.0 = Release|Win32
		{59D5EB56-4EBE-48C3-9CF8-5F0108ECC5CF}.Debug|x64.ActiveCfg = Debug|x64
		{59D5EB56-4EBE-48C3-9CF8-5F0108ECC5CF}.Debug|x64.Build.0 = Debug|x64
		{59D5EB56-4EBE-48C3-9CF8-5F0108ECC5CF}.Debug|x86.ActiveCfg = Debug|Win32
		{59D5EB56-4EBE-48C3-9CF8-5F0108ECC5CF}.Debug|x86.Build.0 = Debug|Win32
		{59D5EB56-4EBE-48C3-9CF8-5F0108ECC5CF}.Release|x64.ActiveCfg = Release|x64
		{59D5EB56-4EBE-48C3-9CF8-5F0108ECC5CF}.Release|x64.Build.0 = Release|x64
		{59D5EB56-4EBE-48C3-9CF8-5F0108ECC5CF}.Release|x86.ActiveCfg = Release|Win32
		{59D5EB56-4EBE-48C3-9CF8-5F0108ECC5CF}.Release|x86.Build.0 = Release|Win32
		{05B64D5C-A07F-4246-AE57-1B4834287CB8}.Debug|x64.ActiveCfg = Debug|x64
		{05B64D5C-A07F-4246-AE57-1B4834287CB8}.Debug|x64.Build.0 = Debug|x64
		{05B64D5C-A07F-4246-AE57-1B4834287CB8}.Debug|x86.ActiveCfg = Debug|Win32
		{05B64D5C-A07F-4246-AE57-1B4834287CB8}.Debug|x86.Build.0 = Debug|Win32
		{05B64D5C-A07F-4246-AE57-1B4834287CB8}.Release|x64.ActiveCfg = Release|x64
		{05B64D5C-A07F-4246-AE57-1B4834287CB8}.Release|x64.Build.0 = Release|x64
		{05B64D5C-A07F-4246-AE57-1B4834287CB8}.Release|x86.ActiveCfg = Release|Win32
		{05B64D5C-A07F-4246-AE57-1B4834287CB8}.Release|x86.Build.0 = Release|Win32
		{8DEA8B3B-F8ED-4E71-B82C-B8FDE47A3D99}.Debug|x64.ActiveCfg = Debug|x64
		{8DEA8B3B-F8ED-4E71-B82C-B8FDE47A3D99}.Debug|x64.Build.0 = Debug|x64
		{8DEA8B3B-F8ED-4E71-B82C-B8FDE47A3D99}.Debug|x86.ActiveCfg = Debug|Win32
		{8DEA8B3B-F8ED-4E71-B82C-B8FDE47A3D99}.Debug|x86.Build.0 = Debug|Win32
		{8DEA8B3B-F8ED-4E71-B82C-B8FDE47A3D99}.Release|x64.ActiveCfg = Release|x64
		{8DEA8B3B-F8ED-4E71-B82C-B8FDE47A3D99}.Release|x64.Build.0 = Release|x64
		{8DEA8B3B-F8ED-4E71-B82C-B8FDE47A3D99}.Release|x86.ActiveCfg = Release|Win32
		{8DEA8B3B-F8ED-4E71-B82C-B8FDE47A3D99}.Release|x86.Build.0 = Release|Win32
	EndGlobalSection
	GlobalSection(SolutionProperties) = preSolution
		HideSolutionNode = FALSE
	EndGlobalSection
	GlobalSection(ExtensibilityGlobals) = postSolution
		SolutionGuid = {C5CACDD6-2185-4782-B17F-85DC1560F3D6}
	EndGlobalSection
EndGlobal
